
Microsoft Visual Studio Solution File, Format Version 12.00
# Visual Studio 2013
VisualStudioVersion = 12.0.21005.1
MinimumVisualStudioVersion = 10.0.40219.1
Project("{FAE04EC0-301F-11D3-BF4B-00C04F79EFBC}") = "Capstone.Domain", "Capstone.Domain\Capstone.Domain.csproj", "{02723027-58EA-455E-B200-035A2BF2E097}"
EndProject
Project("{FAE04EC0-301F-11D3-BF4B-00C04F79EFBC}") = "Capstone.Tests", "Capstone.Tests\Capstone.Tests.csproj", "{5AE80B34-E4CA-4F7E-99F3-65F77427AA74}"
EndProject
Project("{FAE04EC0-301F-11D3-BF4B-00C04F79EFBC}") = "Capstone.WebUI", "Capstone.WebUI\Capstone.WebUI.csproj", "{8AD2CB73-8730-432D-935E-7971472F3808}"
EndProject
Global
	GlobalSection(SolutionConfigurationPlatforms) = preSolution
		Debug|Any CPU = Debug|Any CPU
		Release|Any CPU = Release|Any CPU
	EndGlobalSection
	GlobalSection(ProjectConfigurationPlatforms) = postSolution
		{02723027-58EA-455E-B200-035A2BF2E097}.Debug|Any CPU.ActiveCfg = Debug|Any CPU
		{02723027-58EA-455E-B200-035A2BF2E097}.Debug|Any CPU.Build.0 = Debug|Any CPU
		{02723027-58EA-455E-B200-035A2BF2E097}.Release|Any CPU.ActiveCfg = Release|Any CPU
		{02723027-58EA-455E-B200-035A2BF2E097}.Release|Any CPU.Build.0 = Release|Any CPU
		{5AE80B34-E4CA-4F7E-99F3-65F77427AA74}.Debug|Any CPU.ActiveCfg = Debug|Any CPU
		{5AE80B34-E4CA-4F7E-99F3-65F77427AA74}.Debug|Any CPU.Build.0 = Debug|Any CPU
		{5AE80B34-E4CA-4F7E-99F3-65F77427AA74}.Release|Any CPU.ActiveCfg = Release|Any CPU
		{5AE80B34-E4CA-4F7E-99F3-65F77427AA74}.Release|Any CPU.Build.0 = Release|Any CPU
		{8AD2CB73-8730-432D-935E-7971472F3808}.Debug|Any CPU.ActiveCfg = Debug|Any CPU
		{8AD2CB73-8730-432D-935E-7971472F3808}.Debug|Any CPU.Build.0 = Debug|Any CPU
		{8AD2CB73-8730-432D-935E-7971472F3808}.Release|Any CPU.ActiveCfg = Release|Any CPU
		{8AD2CB73-8730-432D-935E-7971472F3808}.Release|Any CPU.Build.0 = Release|Any CPU
	EndGlobalSection
	GlobalSection(SolutionProperties) = preSolution
		HideSolutionNode = FALSE
	EndGlobalSection
EndGlobal
